{"name": "iari-website","version": "1.0.0","lockfileVersion": 1,"requires": true,"dependencies": {"example-dependency": {"version": "^1.0.0","resolved": "https://registry.npmjs.org/example-dependency/-/example-dependency-1.0.0.tgz","integrity": "sha512-EXAMPLE-EXAMPLE-EXAMPLE-EXAMPLE=","dev": false}}}